
Microsoft Visual Studio Solution File, Format Version 12.00
# Visual Studio 15
Project("{FAE04EC0-301F-11D3-BF4B-00C04F79EFBC}") = "UnityEngine.TestRunner", "UnityEngine.TestRunner.csproj", "{AF555497-8CCF-DC7E-B899-97CA1CA61E67}"
EndProject
Project("{FAE04EC0-301F-11D3-BF4B-00C04F79EFBC}") = "Unity.Mathematics", "Unity.Mathematics.csproj", "{ED30DBEA-4443-E502-11C8-01F4E3DA75E1}"
EndProject
Project("{FAE04EC0-301F-11D3-BF4B-00C04F79EFBC}") = "Unity.2D.Animation.Triangle.Runtime", "Unity.2D.Animation.Triangle.Runtime.csproj", "{3804650B-9CD9-68E7-A87C-A85124F7752C}"
EndProject
Project("{FAE04EC0-301F-11D3-BF4B-00C04F79EFBC}") = "Unity.Timeline", "Unity.Timeline.csproj", "{F2148E06-6DEC-546E-6127-2795C844D41E}"
EndProject
Project("{FAE04EC0-301F-11D3-BF4B-00C04F79EFBC}") = "UnityEngine.UI", "UnityEngine.UI.csproj", "{37AB32D5-5140-F663-F79E-40BF356C1DC8}"
EndProject
Project("{FAE04EC0-301F-11D3-BF4B-00C04F79EFBC}") = "Unity.TextMeshPro", "Unity.TextMeshPro.csproj", "{1C43AE18-80CA-2345-5D85-39B75D2808B4}"
EndProject
Project("{FAE04EC0-301F-11D3-BF4B-00C04F79EFBC}") = "Unity.2D.Animation.Runtime", "Unity.2D.Animation.Runtime.csproj", "{C2C001FA-94B9-CB3F-22E6-29A75B361A60}"
EndProject
Project("{FAE04EC0-301F-11D3-BF4B-00C04F79EFBC}") = "Unity.2D.IK.Runtime", "Unity.2D.IK.Runtime.csproj", "{403A37F6-50F7-86CF-CBED-BF97D39F6CD8}"
EndProject
Project("{FAE04EC0-301F-11D3-BF4B-00C04F79EFBC}") = "Unity.2D.SpriteShape.Runtime", "Unity.2D.SpriteShape.Runtime.csproj", "{D5591C94-50BF-E61B-9576-4899B3F643A5}"
EndProject
Project("{FAE04EC0-301F-11D3-BF4B-00C04F79EFBC}") = "Assembly-CSharp", "Assembly-CSharp.csproj", "{3B4BCFF1-F856-6B07-CD81-4B3BCBF487B7}"
EndProject
Project("{FAE04EC0-301F-11D3-BF4B-00C04F79EFBC}") = "Unity.2D.PixelPerfect", "Unity.2D.PixelPerfect.csproj", "{5313BCA8-108D-12A2-853C-975296244E93}"
EndProject
Project("{FAE04EC0-301F-11D3-BF4B-00C04F79EFBC}") = "Unity.2D.Common.Runtime", "Unity.2D.Common.Runtime.csproj", "{D32E562B-8C9E-9975-F0B4-FBE34F8209AE}"
EndProject
Project("{FAE04EC0-301F-11D3-BF4B-00C04F79EFBC}") = "Unity.InternalAPIEngineBridge.001", "Unity.InternalAPIEngineBridge.001.csproj", "{382593BD-AD10-212F-AC85-9DE77EB027B3}"
EndProject
Project("{FAE04EC0-301F-11D3-BF4B-00C04F79EFBC}") = "Assembly-CSharp-firstpass", "Assembly-CSharp-firstpass.csproj", "{9DEC5BAE-C1AB-BD29-E9E5-E9DB58FBE14B}"
EndProject
Project("{FAE04EC0-301F-11D3-BF4B-00C04F79EFBC}") = "UnityEditor.TestRunner", "UnityEditor.TestRunner.csproj", "{0C86B76B-83DB-D503-6A00-2E4F5A69E49F}"
EndProject
Project("{FAE04EC0-301F-11D3-BF4B-00C04F79EFBC}") = "Unity.PlasticSCM.Editor", "Unity.PlasticSCM.Editor.csproj", "{1A01C673-3648-1F97-1892-7A553EEB3E2F}"
EndProject
Project("{FAE04EC0-301F-11D3-BF4B-00C04F79EFBC}") = "UnityEditor.UI", "UnityEditor.UI.csproj", "{88802A32-FDDE-48B0-F1A5-8DC093603021}"
EndProject
Project("{FAE04EC0-301F-11D3-BF4B-00C04F79EFBC}") = "Unity.Timeline.Editor", "Unity.Timeline.Editor.csproj", "{A5954397-9096-A35D-80B2-F744F4BB08F7}"
EndProject
Project("{FAE04EC0-301F-11D3-BF4B-00C04F79EFBC}") = "Unity.VisualStudio.Editor", "Unity.VisualStudio.Editor.csproj", "{1E1DC1A2-5A0D-978E-C2AA-568813C59650}"
EndProject
Project("{FAE04EC0-301F-11D3-BF4B-00C04F79EFBC}") = "Unity.2D.Psdimporter.Editor", "Unity.2D.Psdimporter.Editor.csproj", "{383497FF-B6A2-40F1-3A0F-008904883C42}"
EndProject
Project("{FAE04EC0-301F-11D3-BF4B-00C04F79EFBC}") = "Unity.2D.Animation.Editor", "Unity.2D.Animation.Editor.csproj", "{6A082EC0-EC30-2ACB-040C-75DF96B0C6EA}"
EndProject
Project("{FAE04EC0-301F-11D3-BF4B-00C04F79EFBC}") = "Unity.TextMeshPro.Editor", "Unity.TextMeshPro.Editor.csproj", "{4181D95F-29DE-7642-4CCF-5A36D7BD2BAA}"
EndProject
Project("{FAE04EC0-301F-11D3-BF4B-00C04F79EFBC}") = "Unity.2D.SpriteShape.Editor", "Unity.2D.SpriteShape.Editor.csproj", "{6FF2225B-8B2E-4297-353A-F506B86DFAD4}"
EndProject
Project("{FAE04EC0-301F-11D3-BF4B-00C04F79EFBC}") = "Unity.CollabProxy.Editor", "Unity.CollabProxy.Editor.csproj", "{1537C1B8-B5E9-EDC8-3D8C-B7EDE172C388}"
EndProject
Project("{FAE04EC0-301F-11D3-BF4B-00C04F79EFBC}") = "PsdPlugin", "PsdPlugin.csproj", "{2DDC5656-5AE0-6795-E8C1-DB78EFDD82B1}"
EndProject
Project("{FAE04EC0-301F-11D3-BF4B-00C04F79EFBC}") = "Unity.2D.Path.Editor", "Unity.2D.Path.Editor.csproj", "{19E75410-51FE-A4FC-CA4E-578551D4EC6D}"
EndProject
Project("{FAE04EC0-301F-11D3-BF4B-00C04F79EFBC}") = "Unity.Rider.Editor", "Unity.Rider.Editor.csproj", "{233DEAD6-BC81-F435-D5AD-7BFA250024BA}"
EndProject
Project("{FAE04EC0-301F-11D3-BF4B-00C04F79EFBC}") = "Unity.2D.IK.Editor", "Unity.2D.IK.Editor.csproj", "{D47E366B-4EC7-78F7-52C6-63B43B769184}"
EndProject
Project("{FAE04EC0-301F-11D3-BF4B-00C04F79EFBC}") = "Unity.2D.Sprite.Editor", "Unity.2D.Sprite.Editor.csproj", "{5896EFE6-8D2A-4ECC-8ACD-113B571A232F}"
EndProject
Project("{FAE04EC0-301F-11D3-BF4B-00C04F79EFBC}") = "Unity.2D.Tilemap.Editor", "Unity.2D.Tilemap.Editor.csproj", "{9958C0A8-CF91-053E-AC5D-07EF4C6220C0}"
EndProject
Project("{FAE04EC0-301F-11D3-BF4B-00C04F79EFBC}") = "Unity.2D.PixelPerfect.Editor", "Unity.2D.PixelPerfect.Editor.csproj", "{33C973BC-FB7E-6B8B-4E29-BA09D433FB66}"
EndProject
Project("{FAE04EC0-301F-11D3-BF4B-00C04F79EFBC}") = "Unity.VSCode.Editor", "Unity.VSCode.Editor.csproj", "{D57ADE0E-6E97-83B9-478C-324B8E71072E}"
EndProject
Project("{FAE04EC0-301F-11D3-BF4B-00C04F79EFBC}") = "Unity.2D.Common.Editor", "Unity.2D.Common.Editor.csproj", "{A584CDEB-8F17-4439-7309-0EE2C5775938}"
EndProject
Project("{FAE04EC0-301F-11D3-BF4B-00C04F79EFBC}") = "Unity.Mathematics.Editor", "Unity.Mathematics.Editor.csproj", "{1CD471C2-94F3-81E8-0A65-415D624F5AD7}"
EndProject
Project("{FAE04EC0-301F-11D3-BF4B-00C04F79EFBC}") = "Unity.InternalAPIEditorBridge.001", "Unity.InternalAPIEditorBridge.001.csproj", "{E2EBB30E-EB69-BA62-9530-BBC2941C5335}"
EndProject
Project("{FAE04EC0-301F-11D3-BF4B-00C04F79EFBC}") = "Assembly-CSharp-Editor-firstpass", "Assembly-CSharp-Editor-firstpass.csproj", "{F4EF484F-12CE-91D4-B6EC-DD878C4804ED}"
EndProject
Project("{FAE04EC0-301F-11D3-BF4B-00C04F79EFBC}") = "UnityEngine.TestRunner", "UnityEngine.TestRunner.Player.csproj", "{30340533-3129-FEC5-6275-E2B550B998F7}"
EndProject
Project("{FAE04EC0-301F-11D3-BF4B-00C04F79EFBC}") = "Unity.Mathematics", "Unity.Mathematics.Player.csproj", "{BB1A79AC-A538-A851-8B5F-8456C3EE93C6}"
EndProject
Project("{FAE04EC0-301F-11D3-BF4B-00C04F79EFBC}") = "Unity.2D.Animation.Triangle.Runtime", "Unity.2D.Animation.Triangle.Runtime.Player.csproj", "{672508B9-E977-57C4-5890-160CBD6CD20A}"
EndProject
Project("{FAE04EC0-301F-11D3-BF4B-00C04F79EFBC}") = "Unity.Timeline", "Unity.Timeline.Player.csproj", "{8BE17CFC-D320-45FC-16C3-96F371A57EED}"
EndProject
Project("{FAE04EC0-301F-11D3-BF4B-00C04F79EFBC}") = "UnityEngine.UI", "UnityEngine.UI.Player.csproj", "{8166E0D6-FAAC-EA41-23E3-9AF5EB0DD91A}"
EndProject
Project("{FAE04EC0-301F-11D3-BF4B-00C04F79EFBC}") = "Unity.TextMeshPro", "Unity.TextMeshPro.Player.csproj", "{08CC5471-6948-2B62-B3B1-83BF9565B7A3}"
EndProject
Project("{FAE04EC0-301F-11D3-BF4B-00C04F79EFBC}") = "Unity.2D.Animation.Runtime", "Unity.2D.Animation.Runtime.Player.csproj", "{1048AAF5-2EA3-3863-095E-9843B990F43C}"
EndProject
Project("{FAE04EC0-301F-11D3-BF4B-00C04F79EFBC}") = "Unity.2D.IK.Runtime", "Unity.2D.IK.Runtime.Player.csproj", "{9A363676-6C7A-E965-7D89-6A451863392D}"
EndProject
Project("{FAE04EC0-301F-11D3-BF4B-00C04F79EFBC}") = "Unity.2D.SpriteShape.Runtime", "Unity.2D.SpriteShape.Runtime.Player.csproj", "{861AA2EA-75EC-B813-5E4F-16FB0809AB01}"
EndProject
Project("{FAE04EC0-301F-11D3-BF4B-00C04F79EFBC}") = "Assembly-CSharp", "Assembly-CSharp.Player.csproj", "{5396E3F6-A1DC-F94F-89EC-DB1D490BE62B}"
EndProject
Project("{FAE04EC0-301F-11D3-BF4B-00C04F79EFBC}") = "Unity.2D.PixelPerfect", "Unity.2D.PixelPerfect.Player.csproj", "{A1989470-F6B6-AD45-903D-B2C9CB95339E}"
EndProject
Project("{FAE04EC0-301F-11D3-BF4B-00C04F79EFBC}") = "Unity.2D.Common.Runtime", "Unity.2D.Common.Runtime.Player.csproj", "{B349713B-3523-BFDC-C1D1-F8485C22B58F}"
EndProject
Project("{FAE04EC0-301F-11D3-BF4B-00C04F79EFBC}") = "Unity.InternalAPIEngineBridge.001", "Unity.InternalAPIEngineBridge.001.Player.csproj", "{9D052377-71B6-5A2D-2927-8DB02D926F71}"
EndProject
Project("{FAE04EC0-301F-11D3-BF4B-00C04F79EFBC}") = "Assembly-CSharp-firstpass", "Assembly-CSharp-firstpass.Player.csproj", "{D26941B3-EF59-D31E-E615-3CCFC37F4402}"
EndProject
Global
	GlobalSection(SolutionConfigurationPlatforms) = preSolution
		Debug|Any CPU = Debug|Any CPU
		Release|Any CPU = Release|Any CPU
	EndGlobalSection
	GlobalSection(ProjectConfigurationPlatforms) = postSolution
		{AF555497-8CCF-DC7E-B899-97CA1CA61E67}.Debug|Any CPU.ActiveCfg = Debug|Any CPU
		{AF555497-8CCF-DC7E-B899-97CA1CA61E67}.Debug|Any CPU.Build.0 = Debug|Any CPU
		{AF555497-8CCF-DC7E-B899-97CA1CA61E67}.Release|Any CPU.ActiveCfg = Release|Any CPU
		{AF555497-8CCF-DC7E-B899-97CA1CA61E67}.Release|Any CPU.Build.0 = Release|Any CPU
		{ED30DBEA-4443-E502-11C8-01F4E3DA75E1}.Debug|Any CPU.ActiveCfg = Debug|Any CPU
		{ED30DBEA-4443-E502-11C8-01F4E3DA75E1}.Debug|Any CPU.Build.0 = Debug|Any CPU
		{ED30DBEA-4443-E502-11C8-01F4E3DA75E1}.Release|Any CPU.ActiveCfg = Release|Any CPU
		{ED30DBEA-4443-E502-11C8-01F4E3DA75E1}.Release|Any CPU.Build.0 = Release|Any CPU
		{3804650B-9CD9-68E7-A87C-A85124F7752C}.Debug|Any CPU.ActiveCfg = Debug|Any CPU
		{3804650B-9CD9-68E7-A87C-A85124F7752C}.Debug|Any CPU.Build.0 = Debug|Any CPU
		{3804650B-9CD9-68E7-A87C-A85124F7752C}.Release|Any CPU.ActiveCfg = Release|Any CPU
		{3804650B-9CD9-68E7-A87C-A85124F7752C}.Release|Any CPU.Build.0 = Release|Any CPU
		{F2148E06-6DEC-546E-6127-2795C844D41E}.Debug|Any CPU.ActiveCfg = Debug|Any CPU
		{F2148E06-6DEC-546E-6127-2795C844D41E}.Debug|Any CPU.Build.0 = Debug|Any CPU
		{F2148E06-6DEC-546E-6127-2795C844D41E}.Release|Any CPU.ActiveCfg = Release|Any CPU
		{F2148E06-6DEC-546E-6127-2795C844D41E}.Release|Any CPU.Build.0 = Release|Any CPU
		{37AB32D5-5140-F663-F79E-40BF356C1DC8}.Debug|Any CPU.ActiveCfg = Debug|Any CPU
		{37AB32D5-5140-F663-F79E-40BF356C1DC8}.Debug|Any CPU.Build.0 = Debug|Any CPU
		{37AB32D5-5140-F663-F79E-40BF356C1DC8}.Release|Any CPU.ActiveCfg = Release|Any CPU
		{37AB32D5-5140-F663-F79E-40BF356C1DC8}.Release|Any CPU.Build.0 = Release|Any CPU
		{1C43AE18-80CA-2345-5D85-39B75D2808B4}.Debug|Any CPU.ActiveCfg = Debug|Any CPU
		{1C43AE18-80CA-2345-5D85-39B75D2808B4}.Debug|Any CPU.Build.0 = Debug|Any CPU
		{1C43AE18-80CA-2345-5D85-39B75D2808B4}.Release|Any CPU.ActiveCfg = Release|Any CPU
		{1C43AE18-80CA-2345-5D85-39B75D2808B4}.Release|Any CPU.Build.0 = Release|Any CPU
		{C2C001FA-94B9-CB3F-22E6-29A75B361A60}.Debug|Any CPU.ActiveCfg = Debug|Any CPU
		{C2C001FA-94B9-CB3F-22E6-29A75B361A60}.Debug|Any CPU.Build.0 = Debug|Any CPU
		{C2C001FA-94B9-CB3F-22E6-29A75B361A60}.Release|Any CPU.ActiveCfg = Release|Any CPU
		{C2C001FA-94B9-CB3F-22E6-29A75B361A60}.Release|Any CPU.Build.0 = Release|Any CPU
		{403A37F6-50F7-86CF-CBED-BF97D39F6CD8}.Debug|Any CPU.ActiveCfg = Debug|Any CPU
		{403A37F6-50F7-86CF-CBED-BF97D39F6CD8}.Debug|Any CPU.Build.0 = Debug|Any CPU
		{403A37F6-50F7-86CF-CBED-BF97D39F6CD8}.Release|Any CPU.ActiveCfg = Release|Any CPU
		{403A37F6-50F7-86CF-CBED-BF97D39F6CD8}.Release|Any CPU.Build.0 = Release|Any CPU
		{D5591C94-50BF-E61B-9576-4899B3F643A5}.Debug|Any CPU.ActiveCfg = Debug|Any CPU
		{D5591C94-50BF-E61B-9576-4899B3F643A5}.Debug|Any CPU.Build.0 = Debug|Any CPU
		{D5591C94-50BF-E61B-9576-4899B3F643A5}.Release|Any CPU.ActiveCfg = Release|Any CPU
		{D5591C94-50BF-E61B-9576-4899B3F643A5}.Release|Any CPU.Build.0 = Release|Any CPU
		{3B4BCFF1-F856-6B07-CD81-4B3BCBF487B7}.Debug|Any CPU.ActiveCfg = Debug|Any CPU
		{3B4BCFF1-F856-6B07-CD81-4B3BCBF487B7}.Debug|Any CPU.Build.0 = Debug|Any CPU
		{3B4BCFF1-F856-6B07-CD81-4B3BCBF487B7}.Release|Any CPU.ActiveCfg = Release|Any CPU
		{3B4BCFF1-F856-6B07-CD81-4B3BCBF487B7}.Release|Any CPU.Build.0 = Release|Any CPU
		{5313BCA8-108D-12A2-853C-975296244E93}.Debug|Any CPU.ActiveCfg = Debug|Any CPU
		{5313BCA8-108D-12A2-853C-975296244E93}.Debug|Any CPU.Build.0 = Debug|Any CPU
		{5313BCA8-108D-12A2-853C-975296244E93}.Release|Any CPU.ActiveCfg = Release|Any CPU
		{5313BCA8-108D-12A2-853C-975296244E93}.Release|Any CPU.Build.0 = Release|Any CPU
		{D32E562B-8C9E-9975-F0B4-FBE34F8209AE}.Debug|Any CPU.ActiveCfg = Debug|Any CPU
		{D32E562B-8C9E-9975-F0B4-FBE34F8209AE}.Debug|Any CPU.Build.0 = Debug|Any CPU
		{D32E562B-8C9E-9975-F0B4-FBE34F8209AE}.Release|Any CPU.ActiveCfg = Release|Any CPU
		{D32E562B-8C9E-9975-F0B4-FBE34F8209AE}.Release|Any CPU.Build.0 = Release|Any CPU
		{382593BD-AD10-212F-AC85-9DE77EB027B3}.Debug|Any CPU.ActiveCfg = Debug|Any CPU
		{382593BD-AD10-212F-AC85-9DE77EB027B3}.Debug|Any CPU.Build.0 = Debug|Any CPU
		{382593BD-AD10-212F-AC85-9DE77EB027B3}.Release|Any CPU.ActiveCfg = Release|Any CPU
		{382593BD-AD10-212F-AC85-9DE77EB027B3}.Release|Any CPU.Build.0 = Release|Any CPU
		{9DEC5BAE-C1AB-BD29-E9E5-E9DB58FBE14B}.Debug|Any CPU.ActiveCfg = Debug|Any CPU
		{9DEC5BAE-C1AB-BD29-E9E5-E9DB58FBE14B}.Debug|Any CPU.Build.0 = Debug|Any CPU
		{9DEC5BAE-C1AB-BD29-E9E5-E9DB58FBE14B}.Release|Any CPU.ActiveCfg = Release|Any CPU
		{9DEC5BAE-C1AB-BD29-E9E5-E9DB58FBE14B}.Release|Any CPU.Build.0 = Release|Any CPU
		{0C86B76B-83DB-D503-6A00-2E4F5A69E49F}.Debug|Any CPU.ActiveCfg = Debug|Any CPU
		{0C86B76B-83DB-D503-6A00-2E4F5A69E49F}.Debug|Any CPU.Build.0 = Debug|Any CPU
		{0C86B76B-83DB-D503-6A00-2E4F5A69E49F}.Release|Any CPU.ActiveCfg = Release|Any CPU
		{0C86B76B-83DB-D503-6A00-2E4F5A69E49F}.Release|Any CPU.Build.0 = Release|Any CPU
		{1A01C673-3648-1F97-1892-7A553EEB3E2F}.Debug|Any CPU.ActiveCfg = Debug|Any CPU
		{1A01C673-3648-1F97-1892-7A553EEB3E2F}.Debug|Any CPU.Build.0 = Debug|Any CPU
		{1A01C673-3648-1F97-1892-7A553EEB3E2F}.Release|Any CPU.ActiveCfg = Release|Any CPU
		{1A01C673-3648-1F97-1892-7A553EEB3E2F}.Release|Any CPU.Build.0 = Release|Any CPU
		{88802A32-FDDE-48B0-F1A5-8DC093603021}.Debug|Any CPU.ActiveCfg = Debug|Any CPU
		{88802A32-FDDE-48B0-F1A5-8DC093603021}.Debug|Any CPU.Build.0 = Debug|Any CPU
		{88802A32-FDDE-48B0-F1A5-8DC093603021}.Release|Any CPU.ActiveCfg = Release|Any CPU
		{88802A32-FDDE-48B0-F1A5-8DC093603021}.Release|Any CPU.Build.0 = Release|Any CPU
		{A5954397-9096-A35D-80B2-F744F4BB08F7}.Debug|Any CPU.ActiveCfg = Debug|Any CPU
		{A5954397-9096-A35D-80B2-F744F4BB08F7}.Debug|Any CPU.Build.0 = Debug|Any CPU
		{A5954397-9096-A35D-80B2-F744F4BB08F7}.Release|Any CPU.ActiveCfg = Release|Any CPU
		{A5954397-9096-A35D-80B2-F744F4BB08F7}.Release|Any CPU.Build.0 = Release|Any CPU
		{1E1DC1A2-5A0D-978E-C2AA-568813C59650}.Debug|Any CPU.ActiveCfg = Debug|Any CPU
		{1E1DC1A2-5A0D-978E-C2AA-568813C59650}.Debug|Any CPU.Build.0 = Debug|Any CPU
		{1E1DC1A2-5A0D-978E-C2AA-568813C59650}.Release|Any CPU.ActiveCfg = Release|Any CPU
		{1E1DC1A2-5A0D-978E-C2AA-568813C59650}.Release|Any CPU.Build.0 = Release|Any CPU
		{383497FF-B6A2-40F1-3A0F-008904883C42}.Debug|Any CPU.ActiveCfg = Debug|Any CPU
		{383497FF-B6A2-40F1-3A0F-008904883C42}.Debug|Any CPU.Build.0 = Debug|Any CPU
		{383497FF-B6A2-40F1-3A0F-008904883C42}.Release|Any CPU.ActiveCfg = Release|Any CPU
		{383497FF-B6A2-40F1-3A0F-008904883C42}.Release|Any CPU.Build.0 = Release|Any CPU
		{6A082EC0-EC30-2ACB-040C-75DF96B0C6EA}.Debug|Any CPU.ActiveCfg = Debug|Any CPU
		{6A082EC0-EC30-2ACB-040C-75DF96B0C6EA}.Debug|Any CPU.Build.0 = Debug|Any CPU
		{6A082EC0-EC30-2ACB-040C-75DF96B0C6EA}.Release|Any CPU.ActiveCfg = Release|Any CPU
		{6A082EC0-EC30-2ACB-040C-75DF96B0C6EA}.Release|Any CPU.Build.0 = Release|Any CPU
		{4181D95F-29DE-7642-4CCF-5A36D7BD2BAA}.Debug|Any CPU.ActiveCfg = Debug|Any CPU
		{4181D95F-29DE-7642-4CCF-5A36D7BD2BAA}.Debug|Any CPU.Build.0 = Debug|Any CPU
		{4181D95F-29DE-7642-4CCF-5A36D7BD2BAA}.Release|Any CPU.ActiveCfg = Release|Any CPU
		{4181D95F-29DE-7642-4CCF-5A36D7BD2BAA}.Release|Any CPU.Build.0 = Release|Any CPU
		{6FF2225B-8B2E-4297-353A-F506B86DFAD4}.Debug|Any CPU.ActiveCfg = Debug|Any CPU
		{6FF2225B-8B2E-4297-353A-F506B86DFAD4}.Debug|Any CPU.Build.0 = Debug|Any CPU
		{6FF2225B-8B2E-4297-353A-F506B86DFAD4}.Release|Any CPU.ActiveCfg = Release|Any CPU
		{6FF2225B-8B2E-4297-353A-F506B86DFAD4}.Release|Any CPU.Build.0 = Release|Any CPU
		{1537C1B8-B5E9-EDC8-3D8C-B7EDE172C388}.Debug|Any CPU.ActiveCfg = Debug|Any CPU
		{1537C1B8-B5E9-EDC8-3D8C-B7EDE172C388}.Debug|Any CPU.Build.0 = Debug|Any CPU
		{1537C1B8-B5E9-EDC8-3D8C-B7EDE172C388}.Release|Any CPU.ActiveCfg = Release|Any CPU
		{1537C1B8-B5E9-EDC8-3D8C-B7EDE172C388}.Release|Any CPU.Build.0 = Release|Any CPU
		{2DDC5656-5AE0-6795-E8C1-DB78EFDD82B1}.Debug|Any CPU.ActiveCfg = Debug|Any CPU
		{2DDC5656-5AE0-6795-E8C1-DB78EFDD82B1}.Debug|Any CPU.Build.0 = Debug|Any CPU
		{2DDC5656-5AE0-6795-E8C1-DB78EFDD82B1}.Release|Any CPU.ActiveCfg = Release|Any CPU
		{2DDC5656-5AE0-6795-E8C1-DB78EFDD82B1}.Release|Any CPU.Build.0 = Release|Any CPU
		{19E75410-51FE-A4FC-CA4E-578551D4EC6D}.Debug|Any CPU.ActiveCfg = Debug|Any CPU
		{19E75410-51FE-A4FC-CA4E-578551D4EC6D}.Debug|Any CPU.Build.0 = Debug|Any CPU
		{19E75410-51FE-A4FC-CA4E-578551D4EC6D}.Release|Any CPU.ActiveCfg = Release|Any CPU
		{19E75410-51FE-A4FC-CA4E-578551D4EC6D}.Release|Any CPU.Build.0 = Release|Any CPU
		{233DEAD6-BC81-F435-D5AD-7BFA250024BA}.Debug|Any CPU.ActiveCfg = Debug|Any CPU
		{233DEAD6-BC81-F435-D5AD-7BFA250024BA}.Debug|Any CPU.Build.0 = Debug|Any CPU
		{233DEAD6-BC81-F435-D5AD-7BFA250024BA}.Release|Any CPU.ActiveCfg = Release|Any CPU
		{233DEAD6-BC81-F435-D5AD-7BFA250024BA}.Release|Any CPU.Build.0 = Release|Any CPU
		{D47E366B-4EC7-78F7-52C6-63B43B769184}.Debug|Any CPU.ActiveCfg = Debug|Any CPU
		{D47E366B-4EC7-78F7-52C6-63B43B769184}.Debug|Any CPU.Build.0 = Debug|Any CPU
		{D47E366B-4EC7-78F7-52C6-63B43B769184}.Release|Any CPU.ActiveCfg = Release|Any CPU
		{D47E366B-4EC7-78F7-52C6-63B43B769184}.Release|Any CPU.Build.0 = Release|Any CPU
		{5896EFE6-8D2A-4ECC-8ACD-113B571A232F}.Debug|Any CPU.ActiveCfg = Debug|Any CPU
		{5896EFE6-8D2A-4ECC-8ACD-113B571A232F}.Debug|Any CPU.Build.0 = Debug|Any CPU
		{5896EFE6-8D2A-4ECC-8ACD-113B571A232F}.Release|Any CPU.ActiveCfg = Release|Any CPU
		{5896EFE6-8D2A-4ECC-8ACD-113B571A232F}.Release|Any CPU.Build.0 = Release|Any CPU
		{9958C0A8-CF91-053E-AC5D-07EF4C6220C0}.Debug|Any CPU.ActiveCfg = Debug|Any CPU
		{9958C0A8-CF91-053E-AC5D-07EF4C6220C0}.Debug|Any CPU.Build.0 = Debug|Any CPU
		{9958C0A8-CF91-053E-AC5D-07EF4C6220C0}.Release|Any CPU.ActiveCfg = Release|Any CPU
		{9958C0A8-CF91-053E-AC5D-07EF4C6220C0}.Release|Any CPU.Build.0 = Release|Any CPU
		{33C973BC-FB7E-6B8B-4E29-BA09D433FB66}.Debug|Any CPU.ActiveCfg = Debug|Any CPU
		{33C973BC-FB7E-6B8B-4E29-BA09D433FB66}.Debug|Any CPU.Build.0 = Debug|Any CPU
		{33C973BC-FB7E-6B8B-4E29-BA09D433FB66}.Release|Any CPU.ActiveCfg = Release|Any CPU
		{33C973BC-FB7E-6B8B-4E29-BA09D433FB66}.Release|Any CPU.Build.0 = Release|Any CPU
		{D57ADE0E-6E97-83B9-478C-324B8E71072E}.Debug|Any CPU.ActiveCfg = Debug|Any CPU
		{D57ADE0E-6E97-83B9-478C-324B8E71072E}.Debug|Any CPU.Build.0 = Debug|Any CPU
		{D57ADE0E-6E97-83B9-478C-324B8E71072E}.Release|Any CPU.ActiveCfg = Release|Any CPU
		{D57ADE0E-6E97-83B9-478C-324B8E71072E}.Release|Any CPU.Build.0 = Release|Any CPU
		{A584CDEB-8F17-4439-7309-0EE2C5775938}.Debug|Any CPU.ActiveCfg = Debug|Any CPU
		{A584CDEB-8F17-4439-7309-0EE2C5775938}.Debug|Any CPU.Build.0 = Debug|Any CPU
		{A584CDEB-8F17-4439-7309-0EE2C5775938}.Release|Any CPU.ActiveCfg = Release|Any CPU
		{A584CDEB-8F17-4439-7309-0EE2C5775938}.Release|Any CPU.Build.0 = Release|Any CPU
		{1CD471C2-94F3-81E8-0A65-415D624F5AD7}.Debug|Any CPU.ActiveCfg = Debug|Any CPU
		{1CD471C2-94F3-81E8-0A65-415D624F5AD7}.Debug|Any CPU.Build.0 = Debug|Any CPU
		{1CD471C2-94F3-81E8-0A65-415D624F5AD7}.Release|Any CPU.ActiveCfg = Release|Any CPU
		{1CD471C2-94F3-81E8-0A65-415D624F5AD7}.Release|Any CPU.Build.0 = Release|Any CPU
		{E2EBB30E-EB69-BA62-9530-BBC2941C5335}.Debug|Any CPU.ActiveCfg = Debug|Any CPU
		{E2EBB30E-EB69-BA62-9530-BBC2941C5335}.Debug|Any CPU.Build.0 = Debug|Any CPU
		{E2EBB30E-EB69-BA62-9530-BBC2941C5335}.Release|Any CPU.ActiveCfg = Release|Any CPU
		{E2EBB30E-EB69-BA62-9530-BBC2941C5335}.Release|Any CPU.Build.0 = Release|Any CPU
		{F4EF484F-12CE-91D4-B6EC-DD878C4804ED}.Debug|Any CPU.ActiveCfg = Debug|Any CPU
		{F4EF484F-12CE-91D4-B6EC-DD878C4804ED}.Debug|Any CPU.Build.0 = Debug|Any CPU
		{F4EF484F-12CE-91D4-B6EC-DD878C4804ED}.Release|Any CPU.ActiveCfg = Release|Any CPU
		{F4EF484F-12CE-91D4-B6EC-DD878C4804ED}.Release|Any CPU.Build.0 = Release|Any CPU
		{30340533-3129-FEC5-6275-E2B550B998F7}.Debug|Any CPU.ActiveCfg = Debug|Any CPU
		{30340533-3129-FEC5-6275-E2B550B998F7}.Debug|Any CPU.Build.0 = Debug|Any CPU
		{30340533-3129-FEC5-6275-E2B550B998F7}.Release|Any CPU.ActiveCfg = Release|Any CPU
		{30340533-3129-FEC5-6275-E2B550B998F7}.Release|Any CPU.Build.0 = Release|Any CPU
		{BB1A79AC-A538-A851-8B5F-8456C3EE93C6}.Debug|Any CPU.ActiveCfg = Debug|Any CPU
		{BB1A79AC-A538-A851-8B5F-8456C3EE93C6}.Debug|Any CPU.Build.0 = Debug|Any CPU
		{BB1A79AC-A538-A851-8B5F-8456C3EE93C6}.Release|Any CPU.ActiveCfg = Release|Any CPU
		{BB1A79AC-A538-A851-8B5F-8456C3EE93C6}.Release|Any CPU.Build.0 = Release|Any CPU
		{672508B9-E977-57C4-5890-160CBD6CD20A}.Debug|Any CPU.ActiveCfg = Debug|Any CPU
		{672508B9-E977-57C4-5890-160CBD6CD20A}.Debug|Any CPU.Build.0 = Debug|Any CPU
		{672508B9-E977-57C4-5890-160CBD6CD20A}.Release|Any CPU.ActiveCfg = Release|Any CPU
		{672508B9-E977-57C4-5890-160CBD6CD20A}.Release|Any CPU.Build.0 = Release|Any CPU
		{8BE17CFC-D320-45FC-16C3-96F371A57EED}.Debug|Any CPU.ActiveCfg = Debug|Any CPU
		{8BE17CFC-D320-45FC-16C3-96F371A57EED}.Debug|Any CPU.Build.0 = Debug|Any CPU
		{8BE17CFC-D320-45FC-16C3-96F371A57EED}.Release|Any CPU.ActiveCfg = Release|Any CPU
		{8BE17CFC-D320-45FC-16C3-96F371A57EED}.Release|Any CPU.Build.0 = Release|Any CPU
		{8166E0D6-FAAC-EA41-23E3-9AF5EB0DD91A}.Debug|Any CPU.ActiveCfg = Debug|Any CPU
		{8166E0D6-FAAC-EA41-23E3-9AF5EB0DD91A}.Debug|Any CPU.Build.0 = Debug|Any CPU
		{8166E0D6-FAAC-EA41-23E3-9AF5EB0DD91A}.Release|Any CPU.ActiveCfg = Release|Any CPU
		{8166E0D6-FAAC-EA41-23E3-9AF5EB0DD91A}.Release|Any CPU.Build.0 = Release|Any CPU
		{08CC5471-6948-2B62-B3B1-83BF9565B7A3}.Debug|Any CPU.ActiveCfg = Debug|Any CPU
		{08CC5471-6948-2B62-B3B1-83BF9565B7A3}.Debug|Any CPU.Build.0 = Debug|Any CPU
		{08CC5471-6948-2B62-B3B1-83BF9565B7A3}.Release|Any CPU.ActiveCfg = Release|Any CPU
		{08CC5471-6948-2B62-B3B1-83BF9565B7A3}.Release|Any CPU.Build.0 = Release|Any CPU
		{1048AAF5-2EA3-3863-095E-9843B990F43C}.Debug|Any CPU.ActiveCfg = Debug|Any CPU
		{1048AAF5-2EA3-3863-095E-9843B990F43C}.Debug|Any CPU.Build.0 = Debug|Any CPU
		{1048AAF5-2EA3-3863-095E-9843B990F43C}.Release|Any CPU.ActiveCfg = Release|Any CPU
		{1048AAF5-2EA3-3863-095E-9843B990F43C}.Release|Any CPU.Build.0 = Release|Any CPU
		{9A363676-6C7A-E965-7D89-6A451863392D}.Debug|Any CPU.ActiveCfg = Debug|Any CPU
		{9A363676-6C7A-E965-7D89-6A451863392D}.Debug|Any CPU.Build.0 = Debug|Any CPU
		{9A363676-6C7A-E965-7D89-6A451863392D}.Release|Any CPU.ActiveCfg = Release|Any CPU
		{9A363676-6C7A-E965-7D89-6A451863392D}.Release|Any CPU.Build.0 = Release|Any CPU
		{861AA2EA-75EC-B813-5E4F-16FB0809AB01}.Debug|Any CPU.ActiveCfg = Debug|Any CPU
		{861AA2EA-75EC-B813-5E4F-16FB0809AB01}.Debug|Any CPU.Build.0 = Debug|Any CPU
		{861AA2EA-75EC-B813-5E4F-16FB0809AB01}.Release|Any CPU.ActiveCfg = Release|Any CPU
		{861AA2EA-75EC-B813-5E4F-16FB0809AB01}.Release|Any CPU.Build.0 = Release|Any CPU
		{5396E3F6-A1DC-F94F-89EC-DB1D490BE62B}.Debug|Any CPU.ActiveCfg = Debug|Any CPU
		{5396E3F6-A1DC-F94F-89EC-DB1D490BE62B}.Debug|Any CPU.Build.0 = Debug|Any CPU
		{5396E3F6-A1DC-F94F-89EC-DB1D490BE62B}.Release|Any CPU.ActiveCfg = Release|Any CPU
		{5396E3F6-A1DC-F94F-89EC-DB1D490BE62B}.Release|Any CPU.Build.0 = Release|Any CPU
		{A1989470-F6B6-AD45-903D-B2C9CB95339E}.Debug|Any CPU.ActiveCfg = Debug|Any CPU
		{A1989470-F6B6-AD45-903D-B2C9CB95339E}.Debug|Any CPU.Build.0 = Debug|Any CPU
		{A1989470-F6B6-AD45-903D-B2C9CB95339E}.Release|Any CPU.ActiveCfg = Release|Any CPU
		{A1989470-F6B6-AD45-903D-B2C9CB95339E}.Release|Any CPU.Build.0 = Release|Any CPU
		{B349713B-3523-BFDC-C1D1-F8485C22B58F}.Debug|Any CPU.ActiveCfg = Debug|Any CPU
		{B349713B-3523-BFDC-C1D1-F8485C22B58F}.Debug|Any CPU.Build.0 = Debug|Any CPU
		{B349713B-3523-BFDC-C1D1-F8485C22B58F}.Release|Any CPU.ActiveCfg = Release|Any CPU
		{B349713B-3523-BFDC-C1D1-F8485C22B58F}.Release|Any CPU.Build.0 = Release|Any CPU
		{9D052377-71B6-5A2D-2927-8DB02D926F71}.Debug|Any CPU.ActiveCfg = Debug|Any CPU
		{9D052377-71B6-5A2D-2927-8DB02D926F71}.Debug|Any CPU.Build.0 = Debug|Any CPU
		{9D052377-71B6-5A2D-2927-8DB02D926F71}.Release|Any CPU.ActiveCfg = Release|Any CPU
		{9D052377-71B6-5A2D-2927-8DB02D926F71}.Release|Any CPU.Build.0 = Release|Any CPU
		{D26941B3-EF59-D31E-E615-3CCFC37F4402}.Debug|Any CPU.ActiveCfg = Debug|Any CPU
		{D26941B3-EF59-D31E-E615-3CCFC37F4402}.Debug|Any CPU.Build.0 = Debug|Any CPU
		{D26941B3-EF59-D31E-E615-3CCFC37F4402}.Release|Any CPU.ActiveCfg = Release|Any CPU
		{D26941B3-EF59-D31E-E615-3CCFC37F4402}.Release|Any CPU.Build.0 = Release|Any CPU
	EndGlobalSection
	GlobalSection(SolutionProperties) = preSolution
		HideSolutionNode = FALSE
	EndGlobalSection
EndGlobal
